
Microsoft Visual Studio Solution File, Format Version 12.00
# Visual Studio 15
VisualStudioVersion = 15.0.28010.2026
MinimumVisualStudioVersion = 10.0.40219.1
Project("{FAE04EC0-301F-11D3-BF4B-00C04F79EFBC}") = "viaCEP.Android", "viaCEP\viaCEP.Android\viaCEP.Android.csproj", "{F0621B5F-8AC6-4C0D-937A-C8079411B163}"
EndProject
Project("{FAE04EC0-301F-11D3-BF4B-00C04F79EFBC}") = "viaCEP.iOS", "viaCEP\viaCEP.iOS\viaCEP.iOS.csproj", "{C9570BF8-C875-4848-9333-02D7F2C65DD1}"
EndProject
Project("{FAE04EC0-301F-11D3-BF4B-00C04F79EFBC}") = "viaCEP", "viaCEP\viaCEP\viaCEP.csproj", "{6119A18C-5A47-43F8-B153-2BD08EC7466D}"
EndProject
Global
	GlobalSection(SolutionConfigurationPlatforms) = preSolution
		Ad-Hoc|Any CPU = Ad-Hoc|Any CPU
		Ad-Hoc|iPhone = Ad-Hoc|iPhone
		Ad-Hoc|iPhoneSimulator = Ad-Hoc|iPhoneSimulator
		AppStore|Any CPU = AppStore|Any CPU
		AppStore|iPhone = AppStore|iPhone
		AppStore|iPhoneSimulator = AppStore|iPhoneSimulator
		Debug|Any CPU = Debug|Any CPU
		Debug|iPhone = Debug|iPhone
		Debug|iPhoneSimulator = Debug|iPhoneSimulator
		Release|Any CPU = Release|Any CPU
		Release|iPhone = Release|iPhone
		Release|iPhoneSimulator = Release|iPhoneSimulator
	EndGlobalSection
	GlobalSection(ProjectConfigurationPlatforms) = postSolution
		{F0621B5F-8AC6-4C0D-937A-C8079411B163}.Ad-Hoc|Any CPU.ActiveCfg = Release|Any CPU
		{F0621B5F-8AC6-4C0D-937A-C8079411B163}.Ad-Hoc|Any CPU.Build.0 = Release|Any CPU
		{F0621B5F-8AC6-4C0D-937A-C8079411B163}.Ad-Hoc|Any CPU.Deploy.0 = Release|Any CPU
		{F0621B5F-8AC6-4C0D-937A-C8079411B163}.Ad-Hoc|iPhone.ActiveCfg = Release|Any CPU
		{F0621B5F-8AC6-4C0D-937A-C8079411B163}.Ad-Hoc|iPhone.Build.0 = Release|Any CPU
		{F0621B5F-8AC6-4C0D-937A-C8079411B163}.Ad-Hoc|iPhone.Deploy.0 = Release|Any CPU
		{F0621B5F-8AC6-4C0D-937A-C8079411B163}.Ad-Hoc|iPhoneSimulator.ActiveCfg = Release|Any CPU
		{F0621B5F-8AC6-4C0D-937A-C8079411B163}.Ad-Hoc|iPhoneSimulator.Build.0 = Release|Any CPU
		{F0621B5F-8AC6-4C0D-937A-C8079411B163}.Ad-Hoc|iPhoneSimulator.Deploy.0 = Release|Any CPU
		{F0621B5F-8AC6-4C0D-937A-C8079411B163}.AppStore|Any CPU.ActiveCfg = Release|Any CPU
		{F0621B5F-8AC6-4C0D-937A-C8079411B163}.AppStore|Any CPU.Build.0 = Release|Any CPU
		{F0621B5F-8AC6-4C0D-937A-C8079411B163}.AppStore|Any CPU.Deploy.0 = Release|Any CPU
		{F0621B5F-8AC6-4C0D-937A-C8079411B163}.AppStore|iPhone.ActiveCfg = Release|Any CPU
		{F0621B5F-8AC6-4C0D-937A-C8079411B163}.AppStore|iPhone.Build.0 = Release|Any CPU
		{F0621B5F-8AC6-4C0D-937A-C8079411B163}.AppStore|iPhone.Deploy.0 = Release|Any CPU
		{F0621B5F-8AC6-4C0D-937A-C8079411B163}.AppStore|iPhoneSimulator.ActiveCfg = Release|Any CPU
		{F0621B5F-8AC6-4C0D-937A-C8079411B163}.AppStore|iPhoneSimulator.Build.0 = Release|Any CPU
		{F0621B5F-8AC6-4C0D-937A-C8079411B163}.AppStore|iPhoneSimulator.Deploy.0 = Release|Any CPU
		{F0621B5F-8AC6-4C0D-937A-C8079411B163}.Debug|Any CPU.ActiveCfg = Debug|Any CPU
		{F0621B5F-8AC6-4C0D-937A-C8079411B163}.Debug|Any CPU.Build.0 = Debug|Any CPU
		{F0621B5F-8AC6-4C0D-937A-C8079411B163}.Debug|Any CPU.Deploy.0 = Debug|Any CPU
		{F0621B5F-8AC6-4C0D-937A-C8079411B163}.Debug|iPhone.ActiveCfg = Debug|Any CPU
		{F0621B5F-8AC6-4C0D-937A-C8079411B163}.Debug|iPhone.Build.0 = Debug|Any CPU
		{F0621B5F-8AC6-4C0D-937A-C8079411B163}.Debug|iPhone.Deploy.0 = Debug|Any CPU
		{F0621B5F-8AC6-4C0D-937A-C8079411B163}.Debug|iPhoneSimulator.ActiveCfg = Debug|Any CPU
		{F0621B5F-8AC6-4C0D-937A-C8079411B163}.Debug|iPhoneSimulator.Build.0 = Debug|Any CPU
		{F0621B5F-8AC6-4C0D-937A-C8079411B163}.Debug|iPhoneSimulator.Deploy.0 = Debug|Any CPU
		{F0621B5F-8AC6-4C0D-937A-C8079411B163}.Release|Any CPU.ActiveCfg = Release|Any CPU
		{F0621B5F-8AC6-4C0D-937A-C8079411B163}.Release|Any CPU.Build.0 = Release|Any CPU
		{F0621B5F-8AC6-4C0D-937A-C8079411B163}.Release|Any CPU.Deploy.0 = Release|Any CPU
		{F0621B5F-8AC6-4C0D-937A-C8079411B163}.Release|iPhone.ActiveCfg = Release|Any CPU
		{F0621B5F-8AC6-4C0D-937A-C8079411B163}.Release|iPhone.Build.0 = Release|Any CPU
		{F0621B5F-8AC6-4C0D-937A-C8079411B163}.Release|iPhone.Deploy.0 = Release|Any CPU
		{F0621B5F-8AC6-4C0D-937A-C8079411B163}.Release|iPhoneSimulator.ActiveCfg = Release|Any CPU
		{F0621B5F-8AC6-4C0D-937A-C8079411B163}.Release|iPhoneSimulator.Build.0 = Release|Any CPU
		{F0621B5F-8AC6-4C0D-937A-C8079411B163}.Release|iPhoneSimulator.Deploy.0 = Release|Any CPU
		{C9570BF8-C875-4848-9333-02D7F2C65DD1}.Ad-Hoc|Any CPU.ActiveCfg = Ad-Hoc|iPhone
		{C9570BF8-C875-4848-9333-02D7F2C65DD1}.Ad-Hoc|Any CPU.Build.0 = Ad-Hoc|iPhone
		{C9570BF8-C875-4848-9333-02D7F2C65DD1}.Ad-Hoc|Any CPU.Deploy.0 = Ad-Hoc|iPhone
		{C9570BF8-C875-4848-9333-02D7F2C65DD1}.Ad-Hoc|iPhone.ActiveCfg = Ad-Hoc|iPhone
		{C9570BF8-C875-4848-9333-02D7F2C65DD1}.Ad-Hoc|iPhone.Build.0 = Ad-Hoc|iPhone
		{C9570BF8-C875-4848-9333-02D7F2C65DD1}.Ad-Hoc|iPhone.Deploy.0 = Ad-Hoc|iPhone
		{C9570BF8-C875-4848-9333-02D7F2C65DD1}.Ad-Hoc|iPhoneSimulator.ActiveCfg = Ad-Hoc|iPhoneSimulator
		{C9570BF8-C875-4848-9333-02D7F2C65DD1}.Ad-Hoc|iPhoneSimulator.Build.0 = Ad-Hoc|iPhoneSimulator
		{C9570BF8-C875-4848-9333-02D7F2C65DD1}.Ad-Hoc|iPhoneSimulator.Deploy.0 = Ad-Hoc|iPhoneSimulator
		{C9570BF8-C875-4848-9333-02D7F2C65DD1}.AppStore|Any CPU.ActiveCfg = AppStore|iPhone
		{C9570BF8-C875-4848-9333-02D7F2C65DD1}.AppStore|Any CPU.Build.0 = AppStore|iPhone
		{C9570BF8-C875-4848-9333-02D7F2C65DD1}.AppStore|Any CPU.Deploy.0 = AppStore|iPhone
		{C9570BF8-C875-4848-9333-02D7F2C65DD1}.AppStore|iPhone.ActiveCfg = AppStore|iPhone
		{C9570BF8-C875-4848-9333-02D7F2C65DD1}.AppStore|iPhone.Build.0 = AppStore|iPhone
		{C9570BF8-C875-4848-9333-02D7F2C65DD1}.AppStore|iPhone.Deploy.0 = AppStore|iPhone
		{C9570BF8-C875-4848-9333-02D7F2C65DD1}.AppStore|iPhoneSimulator.ActiveCfg = AppStore|iPhoneSimulator
		{C9570BF8-C875-4848-9333-02D7F2C65DD1}.AppStore|iPhoneSimulator.Build.0 = AppStore|iPhoneSimulator
		{C9570BF8-C875-4848-9333-02D7F2C65DD1}.AppStore|iPhoneSimulator.Deploy.0 = AppStore|iPhoneSimulator
		{C9570BF8-C875-4848-9333-02D7F2C65DD1}.Debug|Any CPU.ActiveCfg = Debug|iPhoneSimulator
		{C9570BF8-C875-4848-9333-02D7F2C65DD1}.Debug|Any CPU.Build.0 = Debug|iPhoneSimulator
		{C9570BF8-C875-4848-9333-02D7F2C65DD1}.Debug|Any CPU.Deploy.0 = Debug|iPhoneSimulator
		{C9570BF8-C875-4848-9333-02D7F2C65DD1}.Debug|iPhone.ActiveCfg = Debug|iPhone
		{C9570BF8-C875-4848-9333-02D7F2C65DD1}.Debug|iPhone.Build.0 = Debug|iPhone
		{C9570BF8-C875-4848-9333-02D7F2C65DD1}.Debug|iPhone.Deploy.0 = Debug|iPhone
		{C9570BF8-C875-4848-9333-02D7F2C65DD1}.Debug|iPhoneSimulator.ActiveCfg = Debug|iPhoneSimulator
		{C9570BF8-C875-4848-9333-02D7F2C65DD1}.Debug|iPhoneSimulator.Build.0 = Debug|iPhoneSimulator
		{C9570BF8-C875-4848-9333-02D7F2C65DD1}.Debug|iPhoneSimulator.Deploy.0 = Debug|iPhoneSimulator
		{C9570BF8-C875-4848-9333-02D7F2C65DD1}.Release|Any CPU.ActiveCfg = Release|iPhone
		{C9570BF8-C875-4848-9333-02D7F2C65DD1}.Release|Any CPU.Build.0 = Release|iPhone
		{C9570BF8-C875-4848-9333-02D7F2C65DD1}.Release|Any CPU.Deploy.0 = Release|iPhone
		{C9570BF8-C875-4848-9333-02D7F2C65DD1}.Release|iPhone.ActiveCfg = Release|iPhone
		{C9570BF8-C875-4848-9333-02D7F2C65DD1}.Release|iPhone.Build.0 = Release|iPhone
		{C9570BF8-C875-4848-9333-02D7F2C65DD1}.Release|iPhone.Deploy.0 = Release|iPhone
		{C9570BF8-C875-4848-9333-02D7F2C65DD1}.Release|iPhoneSimulator.ActiveCfg = Release|iPhoneSimulator
		{C9570BF8-C875-4848-9333-02D7F2C65DD1}.Release|iPhoneSimulator.Build.0 = Release|iPhoneSimulator
		{C9570BF8-C875-4848-9333-02D7F2C65DD1}.Release|iPhoneSimulator.Deploy.0 = Release|iPhoneSimulator
		{6119A18C-5A47-43F8-B153-2BD08EC7466D}.Ad-Hoc|Any CPU.ActiveCfg = Debug|Any CPU
		{6119A18C-5A47-43F8-B153-2BD08EC7466D}.Ad-Hoc|Any CPU.Build.0 = Debug|Any CPU
		{6119A18C-5A47-43F8-B153-2BD08EC7466D}.Ad-Hoc|Any CPU.Deploy.0 = Debug|Any CPU
		{6119A18C-5A47-43F8-B153-2BD08EC7466D}.Ad-Hoc|iPhone.ActiveCfg = Debug|Any CPU
		{6119A18C-5A47-43F8-B153-2BD08EC7466D}.Ad-Hoc|iPhone.Build.0 = Debug|Any CPU
		{6119A18C-5A47-43F8-B153-2BD08EC7466D}.Ad-Hoc|iPhone.Deploy.0 = Debug|Any CPU
		{6119A18C-5A47-43F8-B153-2BD08EC7466D}.Ad-Hoc|iPhoneSimulator.ActiveCfg = Debug|Any CPU
		{6119A18C-5A47-43F8-B153-2BD08EC7466D}.Ad-Hoc|iPhoneSimulator.Build.0 = Debug|Any CPU
		{6119A18C-5A47-43F8-B153-2BD08EC7466D}.Ad-Hoc|iPhoneSimulator.Deploy.0 = Debug|Any CPU
		{6119A18C-5A47-43F8-B153-2BD08EC7466D}.AppStore|Any CPU.ActiveCfg = Debug|Any CPU
		{6119A18C-5A47-43F8-B153-2BD08EC7466D}.AppStore|Any CPU.Build.0 = Debug|Any CPU
		{6119A18C-5A47-43F8-B153-2BD08EC7466D}.AppStore|Any CPU.Deploy.0 = Debug|Any CPU
		{6119A18C-5A47-43F8-B153-2BD08EC7466D}.AppStore|iPhone.ActiveCfg = Debug|Any CPU
		{6119A18C-5A47-43F8-B153-2BD08EC7466D}.AppStore|iPhone.Build.0 = Debug|Any CPU
		{6119A18C-5A47-43F8-B153-2BD08EC7466D}.AppStore|iPhone.Deploy.0 = Debug|Any CPU
		{6119A18C-5A47-43F8-B153-2BD08EC7466D}.AppStore|iPhoneSimulator.ActiveCfg = Debug|Any CPU
		{6119A18C-5A47-43F8-B153-2BD08EC7466D}.AppStore|iPhoneSimulator.Build.0 = Debug|Any CPU
		{6119A18C-5A47-43F8-B153-2BD08EC7466D}.AppStore|iPhoneSimulator.Deploy.0 = Debug|Any CPU
		{6119A18C-5A47-43F8-B153-2BD08EC7466D}.Debug|Any CPU.ActiveCfg = Debug|Any CPU
		{6119A18C-5A47-43F8-B153-2BD08EC7466D}.Debug|Any CPU.Build.0 = Debug|Any CPU
		{6119A18C-5A47-43F8-B153-2BD08EC7466D}.Debug|Any CPU.Deploy.0 = Debug|Any CPU
		{6119A18C-5A47-43F8-B153-2BD08EC7466D}.Debug|iPhone.ActiveCfg = Debug|Any CPU
		{6119A18C-5A47-43F8-B153-2BD08EC7466D}.Debug|iPhone.Build.0 = Debug|Any CPU
		{6119A18C-5A47-43F8-B153-2BD08EC7466D}.Debug|iPhone.Deploy.0 = Debug|Any CPU
		{6119A18C-5A47-43F8-B153-2BD08EC7466D}.Debug|iPhoneSimulator.ActiveCfg = Debug|Any CPU
		{6119A18C-5A47-43F8-B153-2BD08EC7466D}.Debug|iPhoneSimulator.Build.0 = Debug|Any CPU
		{6119A18C-5A47-43F8-B153-2BD08EC7466D}.Debug|iPhoneSimulator.Deploy.0 = Debug|Any CPU
		{6119A18C-5A47-43F8-B153-2BD08EC7466D}.Release|Any CPU.ActiveCfg = Release|Any CPU
		{6119A18C-5A47-43F8-B153-2BD08EC7466D}.Release|Any CPU.Build.0 = Release|Any CPU
		{6119A18C-5A47-43F8-B153-2BD08EC7466D}.Release|Any CPU.Deploy.0 = Release|Any CPU
		{6119A18C-5A47-43F8-B153-2BD08EC7466D}.Release|iPhone.ActiveCfg = Release|Any CPU
		{6119A18C-5A47-43F8-B153-2BD08EC7466D}.Release|iPhone.Build.0 = Release|Any CPU
		{6119A18C-5A47-43F8-B153-2BD08EC7466D}.Release|iPhone.Deploy.0 = Release|Any CPU
		{6119A18C-5A47-43F8-B153-2BD08EC7466D}.Release|iPhoneSimulator.ActiveCfg = Release|Any CPU
		{6119A18C-5A47-43F8-B153-2BD08EC7466D}.Release|iPhoneSimulator.Build.0 = Release|Any CPU
		{6119A18C-5A47-43F8-B153-2BD08EC7466D}.Release|iPhoneSimulator.Deploy.0 = Release|Any CPU
	EndGlobalSection
	GlobalSection(SolutionProperties) = preSolution
		HideSolutionNode = FALSE
	EndGlobalSection
	GlobalSection(ExtensibilityGlobals) = postSolution
		SolutionGuid = {3A5E058D-F8CE-4DEA-AEBD-546FB5842658}
	EndGlobalSection
EndGlobal
